
Microsoft Visual Studio Solution File, Format Version 12.00
# Visual Studio Version 17
VisualStudioVersion = 17.0.31903.59
MinimumVisualStudioVersion = 10.0.40219.1
Project("{FAE04EC0-301F-11D3-BF4B-00C04F79EFBC}") = "RomanNumbers.Core", "RomanNumbers.Core\RomanNumbers.Core.csproj", "{1C78B4D5-1FA2-40C6-BB3A-DA3D5B1AFE13}"
EndProject
Project("{FAE04EC0-301F-11D3-BF4B-00C04F79EFBC}") = "RomanNumbers.Tests", "RomanNumbers.Tests\RomanNumbers.Tests.csproj", "{7DB8A509-9A8A-4EC0-946A-9A671A69C098}"
EndProject
Global
	GlobalSection(SolutionConfigurationPlatforms) = preSolution
		Debug|Any CPU = Debug|Any CPU
		Release|Any CPU = Release|Any CPU
	EndGlobalSection
	GlobalSection(SolutionProperties) = preSolution
		HideSolutionNode = FALSE
	EndGlobalSection
	GlobalSection(ProjectConfigurationPlatforms) = postSolution
		{1C78B4D5-1FA2-40C6-BB3A-DA3D5B1AFE13}.Debug|Any CPU.ActiveCfg = Debug|Any CPU
		{1C78B4D5-1FA2-40C6-BB3A-DA3D5B1AFE13}.Debug|Any CPU.Build.0 = Debug|Any CPU
		{1C78B4D5-1FA2-40C6-BB3A-DA3D5B1AFE13}.Release|Any CPU.ActiveCfg = Release|Any CPU
		{1C78B4D5-1FA2-40C6-BB3A-DA3D5B1AFE13}.Release|Any CPU.Build.0 = Release|Any CPU
		{7DB8A509-9A8A-4EC0-946A-9A671A69C098}.Debug|Any CPU.ActiveCfg = Debug|Any CPU
		{7DB8A509-9A8A-4EC0-946A-9A671A69C098}.Debug|Any CPU.Build.0 = Debug|Any CPU
		{7DB8A509-9A8A-4EC0-946A-9A671A69C098}.Release|Any CPU.ActiveCfg = Release|Any CPU
		{7DB8A509-9A8A-4EC0-946A-9A671A69C098}.Release|Any CPU.Build.0 = Release|Any CPU
	EndGlobalSection
EndGlobal
